
Microsoft Visual Studio Solution File, Format Version 12.00
# Visual Studio 15
VisualStudioVersion = 15.0.28307.1500
MinimumVisualStudioVersion = 10.0.40219.1
Project("{9A19103F-16F7-4668-BE54-9A1E7A4F7556}") = "App", "App\App.csproj", "{8050DEC7-8621-46E3-9B16-F097ADED1F0F}"
EndProject
Project("{9A19103F-16F7-4668-BE54-9A1E7A4F7556}") = "Test", "Test\Test.csproj", "{94A472C4-1C2F-44F5-BA19-752B086A8428}"
EndProject
Project("{9A19103F-16F7-4668-BE54-9A1E7A4F7556}") = "Business", "Business\Business.csproj", "{15791620-FA4D-43FE-AACD-12DAA1DED2F8}"
EndProject
Project("{9A19103F-16F7-4668-BE54-9A1E7A4F7556}") = "DataAccess", "DataAccess\DataAccess.csproj", "{648E5746-5FA4-40FB-9990-49CEE4B33E19}"
EndProject
Project("{9A19103F-16F7-4668-BE54-9A1E7A4F7556}") = "Domain", "Domain\Domain.csproj", "{567A573E-E067-4411-ADAB-30583E34210A}"
EndProject
Global
	GlobalSection(SolutionConfigurationPlatforms) = preSolution
		Debug|Any CPU = Debug|Any CPU
		Release|Any CPU = Release|Any CPU
	EndGlobalSection
	GlobalSection(ProjectConfigurationPlatforms) = postSolution
		{8050DEC7-8621-46E3-9B16-F097ADED1F0F}.Debug|Any CPU.ActiveCfg = Debug|Any CPU
		{8050DEC7-8621-46E3-9B16-F097ADED1F0F}.Debug|Any CPU.Build.0 = Debug|Any CPU
		{8050DEC7-8621-46E3-9B16-F097ADED1F0F}.Release|Any CPU.ActiveCfg = Release|Any CPU
		{8050DEC7-8621-46E3-9B16-F097ADED1F0F}.Release|Any CPU.Build.0 = Release|Any CPU
		{94A472C4-1C2F-44F5-BA19-752B086A8428}.Debug|Any CPU.ActiveCfg = Debug|Any CPU
		{94A472C4-1C2F-44F5-BA19-752B086A8428}.Debug|Any CPU.Build.0 = Debug|Any CPU
		{94A472C4-1C2F-44F5-BA19-752B086A8428}.Release|Any CPU.ActiveCfg = Release|Any CPU
		{94A472C4-1C2F-44F5-BA19-752B086A8428}.Release|Any CPU.Build.0 = Release|Any CPU
		{15791620-FA4D-43FE-AACD-12DAA1DED2F8}.Debug|Any CPU.ActiveCfg = Debug|Any CPU
		{15791620-FA4D-43FE-AACD-12DAA1DED2F8}.Debug|Any CPU.Build.0 = Debug|Any CPU
		{15791620-FA4D-43FE-AACD-12DAA1DED2F8}.Release|Any CPU.ActiveCfg = Release|Any CPU
		{15791620-FA4D-43FE-AACD-12DAA1DED2F8}.Release|Any CPU.Build.0 = Release|Any CPU
		{648E5746-5FA4-40FB-9990-49CEE4B33E19}.Debug|Any CPU.ActiveCfg = Debug|Any CPU
		{648E5746-5FA4-40FB-9990-49CEE4B33E19}.Debug|Any CPU.Build.0 = Debug|Any CPU
		{648E5746-5FA4-40FB-9990-49CEE4B33E19}.Release|Any CPU.ActiveCfg = Release|Any CPU
		{648E5746-5FA4-40FB-9990-49CEE4B33E19}.Release|Any CPU.Build.0 = Release|Any CPU
		{567A573E-E067-4411-ADAB-30583E34210A}.Debug|Any CPU.ActiveCfg = Debug|Any CPU
		{567A573E-E067-4411-ADAB-30583E34210A}.Debug|Any CPU.Build.0 = Debug|Any CPU
		{567A573E-E067-4411-ADAB-30583E34210A}.Release|Any CPU.ActiveCfg = Release|Any CPU
		{567A573E-E067-4411-ADAB-30583E34210A}.Release|Any CPU.Build.0 = Release|Any CPU
	EndGlobalSection
	GlobalSection(SolutionProperties) = preSolution
		HideSolutionNode = FALSE
	EndGlobalSection
	GlobalSection(ExtensibilityGlobals) = postSolution
		SolutionGuid = {B55063F1-F2CE-4223-BABD-AB8458679255}
	EndGlobalSection
EndGlobal
